
Microsoft Visual Studio Solution File, Format Version 11.00
# Visual Studio 2010
Project("{FAE04EC0-301F-11D3-BF4B-00C04F79EFBC}") = "Shape Matching", "Assembly-CSharp.csproj", "{0C927AA0-B3FE-9629-C45D-58069558400E}"
EndProject
Global
	GlobalSection(SolutionConfigurationPlatforms) = preSolution
		Debug|Any CPU = Debug|Any CPU
		Release|Any CPU = Release|Any CPU
	EndGlobalSection
	GlobalSection(ProjectConfigurationPlatforms) = postSolution
		{0C927AA0-B3FE-9629-C45D-58069558400E}.Debug|Any CPU.ActiveCfg = Debug|Any CPU
		{0C927AA0-B3FE-9629-C45D-58069558400E}.Debug|Any CPU.Build.0 = Debug|Any CPU
		{0C927AA0-B3FE-9629-C45D-58069558400E}.Release|Any CPU.ActiveCfg = Release|Any CPU
		{0C927AA0-B3FE-9629-C45D-58069558400E}.Release|Any CPU.Build.0 = Release|Any CPU
	EndGlobalSection
	GlobalSection(SolutionProperties) = preSolution
		HideSolutionNode = FALSE
	EndGlobalSection
	GlobalSection(MonoDevelopProperties) = preSolution
		StartupItem = Assembly-CSharp.csproj
	EndGlobalSection
EndGlobal
